
Microsoft Visual Studio Solution File, Format Version 10.00
# Visual Studio 2008
Project("{F184B08F-C81C-45F6-A57F-5ABD9991F28F}") = "Mock Exam", "Mock Exam\Mock Exam.vbproj", "{2BF5BB6A-B57D-4AD8-B65C-F762A9060E6D}"
EndProject
Global
	GlobalSection(SolutionConfigurationPlatforms) = preSolution
		Debug|Any CPU = Debug|Any CPU
		Release|Any CPU = Release|Any CPU
	EndGlobalSection
	GlobalSection(ProjectConfigurationPlatforms) = postSolution
		{2BF5BB6A-B57D-4AD8-B65C-F762A9060E6D}.Debug|Any CPU.ActiveCfg = Debug|Any CPU
		{2BF5BB6A-B57D-4AD8-B65C-F762A9060E6D}.Debug|Any CPU.Build.0 = Debug|Any CPU
		{2BF5BB6A-B57D-4AD8-B65C-F762A9060E6D}.Release|Any CPU.ActiveCfg = Release|Any CPU
		{2BF5BB6A-B57D-4AD8-B65C-F762A9060E6D}.Release|Any CPU.Build.0 = Release|Any CPU
	EndGlobalSection
	GlobalSection(SolutionProperties) = preSolution
		HideSolutionNode = FALSE
	EndGlobalSection
EndGlobal
